{
  "name": "tb-package-parent",
  "version": "1.0.0",
  "lockfileVersion": 2,
  "requires": true,
  "packages": {
    "": {
      "name": "tb-package-parent",
      "version": "1.0.0",
      "license": "MIT",
      "dependencies": {
        "tb-package-child-a": "^1.0.0"
      }
    },
    "node_modules/tb-package-child-a": {
      "version": "1.0.0",
      "resolved": "https://registry.npmjs.org/tb-package-child-a/-/tb-package-child-a-1.0.0.tgz",
      "integrity": "sha512-oJPFtit6wVxy43vXaQKYRCoxJwwHVf+U5lWU5KNMxp61IXBKMBci1ghpu51U6mXJI1Xm1kEuYjneCiF/2PY1Yw=="
    }
  },
  "dependencies": {
    "tb-package-child-a": {
      "version": "1.0.0",
      "resolved": "https://registry.npmjs.org/tb-package-child-a/-/tb-package-child-a-1.0.0.tgz",
      "integrity": "sha512-oJPFtit6wVxy43vXaQKYRCoxJwwHVf+U5lWU5KNMxp61IXBKMBci1ghpu51U6mXJI1Xm1kEuYjneCiF/2PY1Yw=="
    }
  }
}
