{
  "name": "tb-package-parent",
  "version": "1.0.0",
  "lockfileVersion": 2,
  "requires": true,
  "packages": {
    "": {
      "name": "tb-package-parent",
      "version": "1.0.0",
      "license": "MIT",
      "dependencies": {
        "tb-package-child-a": "^1.1.1"
      }
    },
    "node_modules/tb-package-child-a": {
      "version": "1.1.1",
      "resolved": "https://registry.npmjs.org/tb-package-child-a/-/tb-package-child-a-1.1.1.tgz",
      "integrity": "sha512-11jwEE08uaq2KRQtjEHYkFMi/jDnahg4YQ111aI9THZmvFJXUBXoCBZPZaZpjTXRy0yl7X2G4/DB8uvUdTklMQ=="
    }
  },
  "dependencies": {
    "tb-package-child-a": {
      "version": "1.1.1",
      "resolved": "https://registry.npmjs.org/tb-package-child-a/-/tb-package-child-a-1.1.1.tgz",
      "integrity": "sha512-11jwEE08uaq2KRQtjEHYkFMi/jDnahg4YQ111aI9THZmvFJXUBXoCBZPZaZpjTXRy0yl7X2G4/DB8uvUdTklMQ=="
    }
  }
}
